
Microsoft Visual Studio Solution File, Format Version 12.00
# Visual Studio Version 16
VisualStudioVersion = 16.0.31025.194
MinimumVisualStudioVersion = 10.0.40219.1
Project("{FAE04EC0-301F-11D3-BF4B-00C04F79EFBC}") = "MazeApp", "MazeApp\MazeApp\MazeApp.csproj", "{7231443F-F294-466E-AD4F-7CF857AF21FF}"
EndProject
Project("{FAE04EC0-301F-11D3-BF4B-00C04F79EFBC}") = "MazeApp.Android", "MazeApp\MazeApp.Android\MazeApp.Android.csproj", "{1991FE0E-76D4-43A8-8B59-9A5BC9C9C57C}"
EndProject
Global
	GlobalSection(SolutionConfigurationPlatforms) = preSolution
		Debug|Any CPU = Debug|Any CPU
		Release|Any CPU = Release|Any CPU
	EndGlobalSection
	GlobalSection(ProjectConfigurationPlatforms) = postSolution
		{7231443F-F294-466E-AD4F-7CF857AF21FF}.Debug|Any CPU.ActiveCfg = Debug|Any CPU
		{7231443F-F294-466E-AD4F-7CF857AF21FF}.Debug|Any CPU.Build.0 = Debug|Any CPU
		{7231443F-F294-466E-AD4F-7CF857AF21FF}.Release|Any CPU.ActiveCfg = Release|Any CPU
		{7231443F-F294-466E-AD4F-7CF857AF21FF}.Release|Any CPU.Build.0 = Release|Any CPU
		{1991FE0E-76D4-43A8-8B59-9A5BC9C9C57C}.Debug|Any CPU.ActiveCfg = Debug|Any CPU
		{1991FE0E-76D4-43A8-8B59-9A5BC9C9C57C}.Debug|Any CPU.Build.0 = Debug|Any CPU
		{1991FE0E-76D4-43A8-8B59-9A5BC9C9C57C}.Debug|Any CPU.Deploy.0 = Debug|Any CPU
		{1991FE0E-76D4-43A8-8B59-9A5BC9C9C57C}.Release|Any CPU.ActiveCfg = Release|Any CPU
		{1991FE0E-76D4-43A8-8B59-9A5BC9C9C57C}.Release|Any CPU.Build.0 = Release|Any CPU
		{1991FE0E-76D4-43A8-8B59-9A5BC9C9C57C}.Release|Any CPU.Deploy.0 = Release|Any CPU
	EndGlobalSection
	GlobalSection(SolutionProperties) = preSolution
		HideSolutionNode = FALSE
	EndGlobalSection
	GlobalSection(ExtensibilityGlobals) = postSolution
		SolutionGuid = {3BE08004-6FDD-46F0-9F67-6C211AFD9FE7}
	EndGlobalSection
EndGlobal
